
Microsoft Visual Studio Solution File, Format Version 12.00
# Visual Studio 14
VisualStudioVersion = 14.0.23107.0
MinimumVisualStudioVersion = 10.0.40219.1
Project("{8BC9CEB8-8B4A-11D0-8D11-00A0C91BC942}") = "RandomWeather", "RandomWeather.vcxproj", "{93A6910C-3203-43AE-AB7B-13F361BA4934}"
EndProject
Project("{2150E333-8FDC-42A3-9474-1A3956D46DE8}") = "Solution Items", "Solution Items", "{3E564C0D-831A-4962-93E4-0763B77B052D}"
	ProjectSection(SolutionItems) = preProject
		LICENSE.txt = LICENSE.txt
		RandomWeather.ini = RandomWeather.ini
		Readme.md = Readme.md
	EndProjectSection
EndProject
Global
	GlobalSection(SolutionConfigurationPlatforms) = preSolution
		Debug|x64 = Debug|x64
		Debug|x86 = Debug|x86
		Release|x64 = Release|x64
		Release|x86 = Release|x86
	EndGlobalSection
	GlobalSection(ProjectConfigurationPlatforms) = postSolution
		{93A6910C-3203-43AE-AB7B-13F361BA4934}.Debug|x64.ActiveCfg = Debug|x64
		{93A6910C-3203-43AE-AB7B-13F361BA4934}.Debug|x64.Build.0 = Debug|x64
		{93A6910C-3203-43AE-AB7B-13F361BA4934}.Debug|x86.ActiveCfg = Debug|Win32
		{93A6910C-3203-43AE-AB7B-13F361BA4934}.Debug|x86.Build.0 = Debug|Win32
		{93A6910C-3203-43AE-AB7B-13F361BA4934}.Release|x64.ActiveCfg = Release|x64
		{93A6910C-3203-43AE-AB7B-13F361BA4934}.Release|x64.Build.0 = Release|x64
		{93A6910C-3203-43AE-AB7B-13F361BA4934}.Release|x86.ActiveCfg = Release|Win32
		{93A6910C-3203-43AE-AB7B-13F361BA4934}.Release|x86.Build.0 = Release|Win32
	EndGlobalSection
	GlobalSection(SolutionProperties) = preSolution
		HideSolutionNode = FALSE
	EndGlobalSection
EndGlobal
